
Microsoft Visual Studio Solution File, Format Version 12.00
# Visual Studio Version 16
VisualStudioVersion = 16.0.31402.337
MinimumVisualStudioVersion = 10.0.40219.1
Project("{FAE04EC0-301F-11D3-BF4B-00C04F79EFBC}") = "Arina", "Arina\Arina.csproj", "{C25AA214-ECDD-428D-9504-62CBC1C67433}"
EndProject
Global
	GlobalSection(SolutionConfigurationPlatforms) = preSolution
		Debug|Any CPU = Debug|Any CPU
		Release|Any CPU = Release|Any CPU
	EndGlobalSection
	GlobalSection(ProjectConfigurationPlatforms) = postSolution
		{C25AA214-ECDD-428D-9504-62CBC1C67433}.Debug|Any CPU.ActiveCfg = Debug|Any CPU
		{C25AA214-ECDD-428D-9504-62CBC1C67433}.Debug|Any CPU.Build.0 = Debug|Any CPU
		{C25AA214-ECDD-428D-9504-62CBC1C67433}.Release|Any CPU.ActiveCfg = Release|Any CPU
		{C25AA214-ECDD-428D-9504-62CBC1C67433}.Release|Any CPU.Build.0 = Release|Any CPU
	EndGlobalSection
	GlobalSection(SolutionProperties) = preSolution
		HideSolutionNode = FALSE
	EndGlobalSection
	GlobalSection(ExtensibilityGlobals) = postSolution
		SolutionGuid = {3BB59FB5-B2C5-4840-9771-0441E3F00108}
	EndGlobalSection
EndGlobal
